// !$*UTF8*$!
{
	archiveVersion = 1;
	classes = {
	};
	objectVersion = 46;
	objects = {

/* Begin PBXBuildFile section */
		BD2999181E5087F9004F6B21 /* AppDelegate.swift in Sources */ = {isa = PBXBuildFile; fileRef = BD2999171E5087F9004F6B21 /* AppDelegate.swift */; };
		BD29991A1E5087F9004F6B21 /* PhotoListController.swift in Sources */ = {isa = PBXBuildFile; fileRef = BD2999191E5087F9004F6B21 /* PhotoListController.swift */; };
		BD29991F1E5087F9004F6B21 /* Assets.xcassets in Resources */ = {isa = PBXBuildFile; fileRef = BD29991E1E5087F9004F6B21 /* Assets.xcassets */; };
		BD2999221E5087F9004F6B21 /* LaunchScreen.storyboard in Resources */ = {isa = PBXBuildFile; fileRef = BD2999201E5087F9004F6B21 /* LaunchScreen.storyboard */; };
		BD29992A1E509829004F6B21 /* MediaPickerManager.swift in Sources */ = {isa = PBXBuildFile; fileRef = BD2999291E509829004F6B21 /* MediaPickerManager.swift */; };
		BD2999301E50CA22004F6B21 /* PhotoFilterController.swift in Sources */ = {isa = PBXBuildFile; fileRef = BD29992F1E50CA22004F6B21 /* PhotoFilterController.swift */; };
/* End PBXBuildFile section */

/* Begin PBXFileReference section */
		BD2999141E5087F9004F6B21 /* FaceSnapp2.app */ = {isa = PBXFileReference; explicitFileType = wrapper.application; includeInIndex = 0; path = FaceSnapp2.app; sourceTree = BUILT_PRODUCTS_DIR; };
		BD2999171E5087F9004F6B21 /* AppDelegate.swift */ = {isa = PBXFileReference; lastKnownFileType = sourcecode.swift; path = AppDelegate.swift; sourceTree = "<group>"; };
		BD2999191E5087F9004F6B21 /* PhotoListController.swift */ = {isa = PBXFileReference; lastKnownFileType = sourcecode.swift; path = PhotoListController.swift; sourceTree = "<group>"; };
		BD29991E1E5087F9004F6B21 /* Assets.xcassets */ = {isa = PBXFileReference; lastKnownFileType = folder.assetcatalog; path = Assets.xcassets; sourceTree = "<group>"; };
		BD2999211E5087F9004F6B21 /* Base */ = {isa = PBXFileReference; lastKnownFileType = file.storyboard; name = Base; path = Base.lproj/LaunchScreen.storyboard; sourceTree = "<group>"; };
		BD2999231E5087F9004F6B21 /* Info.plist */ = {isa = PBXFileReference; lastKnownFileType = text.plist.xml; path = Info.plist; sourceTree = "<group>"; };
		BD2999291E509829004F6B21 /* MediaPickerManager.swift */ = {isa = PBXFileReference; fileEncoding = 4; lastKnownFileType = sourcecode.swift; path = MediaPickerManager.swift; sourceTree = "<group>"; };
		BD29992F1E50CA22004F6B21 /* PhotoFilterController.swift */ = {isa = PBXFileReference; fileEncoding = 4; lastKnownFileType = sourcecode.swift; name = PhotoFilterController.swift; path = ../PhotoFilterController.swift; sourceTree = "<group>"; };
/* End PBXFileReference section */

/* Begin PBXFrameworksBuildPhase section */
		BD2999111E5087F9004F6B21 /* Frameworks */ = {
			isa = PBXFrameworksBuildPhase;
			buildActionMask = 2147483647;
			files = (
			);
			runOnlyForDeploymentPostprocessing = 0;
		};
/* End PBXFrameworksBuildPhase section */

/* Begin PBXGroup section */
		BD29990B1E5087F9004F6B21 = {
			isa = PBXGroup;
			children = (
				BD2999161E5087F9004F6B21 /* FaceSnapp2 */,
				BD2999151E5087F9004F6B21 /* Products */,
			);
			sourceTree = "<group>";
		};
		BD2999151E5087F9004F6B21 /* Products */ = {
			isa = PBXGroup;
			children = (
				BD2999141E5087F9004F6B21 /* FaceSnapp2.app */,
			);
			name = Products;
			sourceTree = "<group>";
		};
		BD2999161E5087F9004F6B21 /* FaceSnapp2 */ = {
			isa = PBXGroup;
			children = (
				BD29992E1E50C9D0004F6B21 /* Model */,
				BD29992D1E50C9CB004F6B21 /* View */,
				BD29992C1E50C9C4004F6B21 /* Controllers */,
				BD29992B1E50C9BE004F6B21 /* Helpers */,
				BD2999171E5087F9004F6B21 /* AppDelegate.swift */,
				BD29991E1E5087F9004F6B21 /* Assets.xcassets */,
				BD2999201E5087F9004F6B21 /* LaunchScreen.storyboard */,
				BD2999231E5087F9004F6B21 /* Info.plist */,
			);
			path = FaceSnapp2;
			sourceTree = "<group>";
		};
		BD29992B1E50C9BE004F6B21 /* Helpers */ = {
			isa = PBXGroup;
			children = (
				BD2999291E509829004F6B21 /* MediaPickerManager.swift */,
			);
			name = Helpers;
			sourceTree = "<group>";
		};
		BD29992C1E50C9C4004F6B21 /* Controllers */ = {
			isa = PBXGroup;
			children = (
				BD29992F1E50CA22004F6B21 /* PhotoFilterController.swift */,
				BD2999191E5087F9004F6B21 /* PhotoListController.swift */,
			);
			name = Controllers;
			sourceTree = "<group>";
		};
		BD29992D1E50C9CB004F6B21 /* View */ = {
			isa = PBXGroup;
			children = (
			);
			name = View;
			sourceTree = "<group>";
		};
		BD29992E1E50C9D0004F6B21 /* Model */ = {
			isa = PBXGroup;
			children = (
			);
			name = Model;
			sourceTree = "<group>";
		};
/* End PBXGroup section */

/* Begin PBXNativeTarget section */
		BD2999131E5087F9004F6B21 /* FaceSnapp2 */ = {
			isa = PBXNativeTarget;
			buildConfigurationList = BD2999261E5087F9004F6B21 /* Build configuration list for PBXNativeTarget "FaceSnapp2" */;
			buildPhases = (
				BD2999101E5087F9004F6B21 /* Sources */,
				BD2999111E5087F9004F6B21 /* Frameworks */,
				BD2999121E5087F9004F6B21 /* Resources */,
			);
			buildRules = (
			);
			dependencies = (
			);
			name = FaceSnapp2;
			productName = FaceSnapp2;
			productReference = BD2999141E5087F9004F6B21 /* FaceSnapp2.app */;
			productType = "com.apple.product-type.application";
		};
/* End PBXNativeTarget section */

/* Begin PBXProject section */
		BD29990C1E5087F9004F6B21 /* Project object */ = {
			isa = PBXProject;
			attributes = {
				LastSwiftUpdateCheck = 0820;
				LastUpgradeCheck = 0820;
				ORGANIZATIONNAME = "Changzhou Panda";
				TargetAttributes = {
					BD2999131E5087F9004F6B21 = {
						CreatedOnToolsVersion = 8.2.1;
						ProvisioningStyle = Automatic;
					};
				};
			};
			buildConfigurationList = BD29990F1E5087F9004F6B21 /* Build configuration list for PBXProject "FaceSnapp2" */;
			compatibilityVersion = "Xcode 3.2";
			developmentRegion = English;
			hasScannedForEncodings = 0;
			knownRegions = (
				en,
				Base,
			);
			mainGroup = BD29990B1E5087F9004F6B21;
			productRefGroup = BD2999151E5087F9004F6B21 /* Products */;
			projectDirPath = "";
			projectRoot = "";
			targets = (
				BD2999131E5087F9004F6B21 /* FaceSnapp2 */,
			);
		};
/* End PBXProject section */

/* Begin PBXResourcesBuildPhase section */
		BD2999121E5087F9004F6B21 /* Resources */ = {
			isa = PBXResourcesBuildPhase;
			buildActionMask = 2147483647;
			files = (
				BD2999221E5087F9004F6B21 /* LaunchScreen.storyboard in Resources */,
				BD29991F1E5087F9004F6B21 /* Assets.xcassets in Resources */,
			);
			runOnlyForDeploymentPostprocessing = 0;
		};
/* End PBXResourcesBuildPhase section */

/* Begin PBXSourcesBuildPhase section */
		BD2999101E5087F9004F6B21 /* Sources */ = {
			isa = PBXSourcesBuildPhase;
			buildActionMask = 2147483647;
			files = (
				BD29992A1E509829004F6B21 /* MediaPickerManager.swift in Sources */,
				BD29991A1E5087F9004F6B21 /* PhotoListController.swift in Sources */,
				BD2999301E50CA22004F6B21 /* PhotoFilterController.swift in Sources */,
				BD2999181E5087F9004F6B21 /* AppDelegate.swift in Sources */,
			);
			runOnlyForDeploymentPostprocessing = 0;
		};
/* End PBXSourcesBuildPhase section */

/* Begin PBXVariantGroup section */
		BD2999201E5087F9004F6B21 /* LaunchScreen.storyboard */ = {
			isa = PBXVariantGroup;
			children = (
				BD2999211E5087F9004F6B21 /* Base */,
			);
			name = LaunchScreen.storyboard;
			sourceTree = "<group>";
		};
/* End PBXVariantGroup section */

/* Begin XCBuildConfiguration section */
		BD2999241E5087F9004F6B21 /* Debug */ = {
			isa = XCBuildConfiguration;
			buildSettings = {
				ALWAYS_SEARCH_USER_PATHS = NO;
				CLANG_ANALYZER_NONNULL = YES;
				CLANG_CXX_LANGUAGE_STANDARD = "gnu++0x";
				CLANG_CXX_LIBRARY = "libc++";
				CLANG_ENABLE_MODULES = YES;
				CLANG_ENABLE_OBJC_ARC = YES;
				CLANG_WARN_BOOL_CONVERSION = YES;
				CLANG_WARN_CONSTANT_CONVERSION = YES;
				CLANG_WARN_DIRECT_OBJC_ISA_USAGE = YES_ERROR;
				CLANG_WARN_DOCUMENTATION_COMMENTS = YES;
				CLANG_WARN_EMPTY_BODY = YES;
				CLANG_WARN_ENUM_CONVERSION = YES;
				CLANG_WARN_INFINITE_RECURSION = YES;
				CLANG_WARN_INT_CONVERSION = YES;
				CLANG_WARN_OBJC_ROOT_CLASS = YES_ERROR;
				CLANG_WARN_SUSPICIOUS_MOVE = YES;
				CLANG_WARN_UNREACHABLE_CODE = YES;
				CLANG_WARN__DUPLICATE_METHOD_MATCH = YES;
				"CODE_SIGN_IDENTITY[sdk=iphoneos*]" = "iPhone Developer";
				COPY_PHASE_STRIP = NO;
				DEBUG_INFORMATION_FORMAT = dwarf;
				ENABLE_STRICT_OBJC_MSGSEND = YES;
				ENABLE_TESTABILITY = YES;
				GCC_C_LANGUAGE_STANDARD = gnu99;
				GCC_DYNAMIC_NO_PIC = NO;
				GCC_NO_COMMON_BLOCKS = YES;
				GCC_OPTIMIZATION_LEVEL = 0;
				GCC_PREPROCESSOR_DEFINITIONS = (
					"DEBUG=1",
					"$(inherited)",
				);
				GCC_WARN_64_TO_32_BIT_CONVERSION = YES;
				GCC_WARN_ABOUT_RETURN_TYPE = YES_ERROR;
				GCC_WARN_UNDECLARED_SELECTOR = YES;
				GCC_WARN_UNINITIALIZED_AUTOS = YES_AGGRESSIVE;
				GCC_WARN_UNUSED_FUNCTION = YES;
				GCC_WARN_UNUSED_VARIABLE = YES;
				IPHONEOS_DEPLOYMENT_TARGET = 10.2;
				MTL_ENABLE_DEBUG_INFO = YES;
				ONLY_ACTIVE_ARCH = YES;
				SDKROOT = iphoneos;
				SWIFT_ACTIVE_COMPILATION_CONDITIONS = DEBUG;
				SWIFT_OPTIMIZATION_LEVEL = "-Onone";
				TARGETED_DEVICE_FAMILY = "1,2";
			};
			name = Debug;
		};
		BD2999251E5087F9004F6B21 /* Release */ = {
			isa = XCBuildConfiguration;
			buildSettings = {
				ALWAYS_SEARCH_USER_PATHS = NO;
				CLANG_ANALYZER_NONNULL = YES;
				CLANG_CXX_LANGUAGE_STANDARD = "gnu++0x";
				CLANG_CXX_LIBRARY = "libc++";
				CLANG_ENABLE_MODULES = YES;
				CLANG_ENABLE_OBJC_ARC = YES;
				CLANG_WARN_BOOL_CONVERSION = YES;
				CLANG_WARN_CONSTANT_CONVERSION = YES;
				CLANG_WARN_DIRECT_OBJC_ISA_USAGE = YES_ERROR;
				CLANG_WARN_DOCUMENTATION_COMMENTS = YES;
				CLANG_WARN_EMPTY_BODY = YES;
				CLANG_WARN_ENUM_CONVERSION = YES;
				CLANG_WARN_INFINITE_RECURSION = YES;
				CLANG_WARN_INT_CONVERSION = YES;
				CLANG_WARN_OBJC_ROOT_CLASS = YES_ERROR;
				CLANG_WARN_SUSPICIOUS_MOVE = YES;
				CLANG_WARN_UNREACHABLE_CODE = YES;
				CLANG_WARN__DUPLICATE_METHOD_MATCH = YES;
				"CODE_SIGN_IDENTITY[sdk=iphoneos*]" = "iPhone Developer";
				COPY_PHASE_STRIP = NO;
				DEBUG_INFORMATION_FORMAT = "dwarf-with-dsym";
				ENABLE_NS_ASSERTIONS = NO;
				ENABLE_STRICT_OBJC_MSGSEND = YES;
				GCC_C_LANGUAGE_STANDARD = gnu99;
				GCC_NO_COMMON_BLOCKS = YES;
				GCC_WARN_64_TO_32_BIT_CONVERSION = YES;
				GCC_WARN_ABOUT_RETURN_TYPE = YES_ERROR;
				GCC_WARN_UNDECLARED_SELECTOR = YES;
				GCC_WARN_UNINITIALIZED_AUTOS = YES_AGGRESSIVE;
				GCC_WARN_UNUSED_FUNCTION = YES;
				GCC_WARN_UNUSED_VARIABLE = YES;
				IPHONEOS_DEPLOYMENT_TARGET = 10.2;
				MTL_ENABLE_DEBUG_INFO = NO;
				SDKROOT = iphoneos;
				SWIFT_OPTIMIZATION_LEVEL = "-Owholemodule";
				TARGETED_DEVICE_FAMILY = "1,2";
				VALIDATE_PRODUCT = YES;
			};
			name = Release;
		};
		BD2999271E5087F9004F6B21 /* Debug */ = {
			isa = XCBuildConfiguration;
			buildSettings = {
				ASSETCATALOG_COMPILER_APPICON_NAME = AppIcon;
				INFOPLIST_FILE = FaceSnapp2/Info.plist;
				LD_RUNPATH_SEARCH_PATHS = "$(inherited) @executable_path/Frameworks";
				PRODUCT_BUNDLE_IDENTIFIER = com.changzhoupanda.FaceSnapp2;
				PRODUCT_NAME = "$(TARGET_NAME)";
				SWIFT_VERSION = 3.0;
			};
			name = Debug;
		};
		BD2999281E5087F9004F6B21 /* Release */ = {
			isa = XCBuildConfiguration;
			buildSettings = {
				ASSETCATALOG_COMPILER_APPICON_NAME = AppIcon;
				INFOPLIST_FILE = FaceSnapp2/Info.plist;
				LD_RUNPATH_SEARCH_PATHS = "$(inherited) @executable_path/Frameworks";
				PRODUCT_BUNDLE_IDENTIFIER = com.changzhoupanda.FaceSnapp2;
				PRODUCT_NAME = "$(TARGET_NAME)";
				SWIFT_VERSION = 3.0;
			};
			name = Release;
		};
/* End XCBuildConfiguration section */

/* Begin XCConfigurationList section */
		BD29990F1E5087F9004F6B21 /* Build configuration list for PBXProject "FaceSnapp2" */ = {
			isa = XCConfigurationList;
			buildConfigurations = (
				BD2999241E5087F9004F6B21 /* Debug */,
				BD2999251E5087F9004F6B21 /* Release */,
			);
			defaultConfigurationIsVisible = 0;
			defaultConfigurationName = Release;
		};
		BD2999261E5087F9004F6B21 /* Build configuration list for PBXNativeTarget "FaceSnapp2" */ = {
			isa = XCConfigurationList;
			buildConfigurations = (
				BD2999271E5087F9004F6B21 /* Debug */,
				BD2999281E5087F9004F6B21 /* Release */,
			);
			defaultConfigurationIsVisible = 0;
		};
/* End XCConfigurationList section */
	};
	rootObject = BD29990C1E5087F9004F6B21 /* Project object */;
}
